{
  "requires": true,
  "lockfileVersion": 1,
  "dependencies": {
    "@abaplint/cli": {
      "version": "2.62.4",
      "resolved": "https://registry.npmjs.org/@abaplint/cli/-/cli-2.62.4.tgz",
      "integrity": "sha512-K37534JXFXKQNXPuol9dD9QtHCYmawbx66NQGv1R2EomjTnQ/Px3ihvnFnOrxBd3+RSIKH8x+AMSisumWPf7Rw==",
      "dev": true
    }
  }
}
